
Microsoft Visual Studio Solution File, Format Version 12.00
# Visual Studio Version 17
VisualStudioVersion = 17.9.34310.174
MinimumVisualStudioVersion = 10.0.40219.1
Project("{FAE04EC0-301F-11D3-BF4B-00C04F79EFBC}") = "HTTPArchivePerformanceComparer", "HTTPArchivePerformanceComparer.csproj", "{66A641E6-44A1-4E09-B912-CEFE0FE718C6}"
EndProject
Global
	GlobalSection(SolutionConfigurationPlatforms) = preSolution
		Debug|Any CPU = Debug|Any CPU
		Release|Any CPU = Release|Any CPU
	EndGlobalSection
	GlobalSection(ProjectConfigurationPlatforms) = postSolution
		{66A641E6-44A1-4E09-B912-CEFE0FE718C6}.Debug|Any CPU.ActiveCfg = Debug|Any CPU
		{66A641E6-44A1-4E09-B912-CEFE0FE718C6}.Debug|Any CPU.Build.0 = Debug|Any CPU
		{66A641E6-44A1-4E09-B912-CEFE0FE718C6}.Release|Any CPU.ActiveCfg = Release|Any CPU
		{66A641E6-44A1-4E09-B912-CEFE0FE718C6}.Release|Any CPU.Build.0 = Release|Any CPU
	EndGlobalSection
	GlobalSection(SolutionProperties) = preSolution
		HideSolutionNode = FALSE
	EndGlobalSection
	GlobalSection(ExtensibilityGlobals) = postSolution
		SolutionGuid = {FF8F215A-A6E9-4562-8D53-EADA08332642}
	EndGlobalSection
EndGlobal
